
Microsoft Visual Studio Solution File, Format Version 12.00
# Visual Studio Version 17
VisualStudioVersion = 17.14.36705.20 d17.14
MinimumVisualStudioVersion = 10.0.40219.1
Project("{FAE04EC0-301F-11D3-BF4B-00C04F79EFBC}") = "Day2", "Day2.csproj", "{626E2770-29CE-4A20-9A3F-0E021C2A3FD7}"
EndProject
Project("{FAE04EC0-301F-11D3-BF4B-00C04F79EFBC}") = "Day1", "..\Day1\Day1.csproj", "{2B4F4772-6161-AA43-B634-B1FBDA8CC1F7}"
EndProject
Global
	GlobalSection(SolutionConfigurationPlatforms) = preSolution
		Debug|Any CPU = Debug|Any CPU
		Release|Any CPU = Release|Any CPU
	EndGlobalSection
	GlobalSection(ProjectConfigurationPlatforms) = postSolution
		{626E2770-29CE-4A20-9A3F-0E021C2A3FD7}.Debug|Any CPU.ActiveCfg = Debug|Any CPU
		{626E2770-29CE-4A20-9A3F-0E021C2A3FD7}.Debug|Any CPU.Build.0 = Debug|Any CPU
		{626E2770-29CE-4A20-9A3F-0E021C2A3FD7}.Release|Any CPU.ActiveCfg = Release|Any CPU
		{626E2770-29CE-4A20-9A3F-0E021C2A3FD7}.Release|Any CPU.Build.0 = Release|Any CPU
		{2B4F4772-6161-AA43-B634-B1FBDA8CC1F7}.Debug|Any CPU.ActiveCfg = Debug|Any CPU
		{2B4F4772-6161-AA43-B634-B1FBDA8CC1F7}.Debug|Any CPU.Build.0 = Debug|Any CPU
		{2B4F4772-6161-AA43-B634-B1FBDA8CC1F7}.Release|Any CPU.ActiveCfg = Release|Any CPU
		{2B4F4772-6161-AA43-B634-B1FBDA8CC1F7}.Release|Any CPU.Build.0 = Release|Any CPU
	EndGlobalSection
	GlobalSection(SolutionProperties) = preSolution
		HideSolutionNode = FALSE
	EndGlobalSection
	GlobalSection(ExtensibilityGlobals) = postSolution
		SolutionGuid = {EF3062EA-1F26-4923-8443-4154A0EBCAAE}
	EndGlobalSection
EndGlobal
